
Microsoft Visual Studio Solution File, Format Version 12.00
# Visual Studio Version 17
VisualStudioVersion = 17.10.35027.167
MinimumVisualStudioVersion = 10.0.40219.1
Project("{2150E333-8FDC-42A3-9474-1A3956D46DE8}") = "API", "API", "{C13035AC-EAF6-455E-86A4-8EFD5B890EC9}"
EndProject
Project("{2150E333-8FDC-42A3-9474-1A3956D46DE8}") = "Core", "Core", "{7C0AF8BD-3780-44B5-806B-F5F389C1FBF4}"
EndProject
Project("{2150E333-8FDC-42A3-9474-1A3956D46DE8}") = "Infrastructure", "Infrastructure", "{0DC5CFAD-A2B2-4BA6-9994-D97A178357CD}"
EndProject
Project("{9A19103F-16F7-4668-BE54-9A1E7A4F7556}") = "Trish.API", "Trish.API\Trish.API.csproj", "{A6A33827-2F40-4902-AAB3-0CCF36002710}"
EndProject
Project("{9A19103F-16F7-4668-BE54-9A1E7A4F7556}") = "Trish.Application", "Trish.Application\Trish.Application.csproj", "{E1D65BC7-7F09-4CD3-8BFF-09C6B899728A}"
EndProject
Project("{2150E333-8FDC-42A3-9474-1A3956D46DE8}") = "Domain", "Domain", "{431B76B5-7901-4773-8972-F2268292C166}"
EndProject
Project("{2150E333-8FDC-42A3-9474-1A3956D46DE8}") = "Application", "Application", "{86D6B6D4-6E17-4828-8390-1B9E49F5E220}"
EndProject
Project("{9A19103F-16F7-4668-BE54-9A1E7A4F7556}") = "Trish.Domain", "Trish.Domain\Trish.Domain.csproj", "{CD442D31-8FC3-437B-8ACD-B3838CBF6F3A}"
EndProject
Project("{9A19103F-16F7-4668-BE54-9A1E7A4F7556}") = "Trish.Infrastructure", "Trish.Infrastructure\Trish.Infrastructure.csproj", "{0FF09BF1-1428-4275-8AE3-1C62A5CE87E4}"
EndProject
Project("{2150E333-8FDC-42A3-9474-1A3956D46DE8}") = "Solution Items", "Solution Items", "{C656E559-3AC4-4572-BC7C-1F0A63A11DE9}"
	ProjectSection(SolutionItems) = preProject
		.editorconfig = .editorconfig
		Directory.Build.props = Directory.Build.props
	EndProjectSection
EndProject
Project("{E53339B2-1760-4266-BCC7-CA923CBCF16C}") = "docker-compose", "docker-compose.dcproj", "{3D75F75B-A75B-4D31-9C1D-7C0B17E85526}"
EndProject
Project("{9A19103F-16F7-4668-BE54-9A1E7A4F7556}") = "Trish.Identitty", "..\Trish.Identitty\Trish.Identitty.csproj", "{40A5DEF8-21F7-4D39-8425-326E704797AA}"
EndProject
Global
	GlobalSection(SolutionConfigurationPlatforms) = preSolution
		Debug|Any CPU = Debug|Any CPU
		Release|Any CPU = Release|Any CPU
	EndGlobalSection
	GlobalSection(ProjectConfigurationPlatforms) = postSolution
		{A6A33827-2F40-4902-AAB3-0CCF36002710}.Debug|Any CPU.ActiveCfg = Debug|Any CPU
		{A6A33827-2F40-4902-AAB3-0CCF36002710}.Debug|Any CPU.Build.0 = Debug|Any CPU
		{A6A33827-2F40-4902-AAB3-0CCF36002710}.Release|Any CPU.ActiveCfg = Release|Any CPU
		{A6A33827-2F40-4902-AAB3-0CCF36002710}.Release|Any CPU.Build.0 = Release|Any CPU
		{E1D65BC7-7F09-4CD3-8BFF-09C6B899728A}.Debug|Any CPU.ActiveCfg = Debug|Any CPU
		{E1D65BC7-7F09-4CD3-8BFF-09C6B899728A}.Debug|Any CPU.Build.0 = Debug|Any CPU
		{E1D65BC7-7F09-4CD3-8BFF-09C6B899728A}.Release|Any CPU.ActiveCfg = Release|Any CPU
		{E1D65BC7-7F09-4CD3-8BFF-09C6B899728A}.Release|Any CPU.Build.0 = Release|Any CPU
		{CD442D31-8FC3-437B-8ACD-B3838CBF6F3A}.Debug|Any CPU.ActiveCfg = Debug|Any CPU
		{CD442D31-8FC3-437B-8ACD-B3838CBF6F3A}.Debug|Any CPU.Build.0 = Debug|Any CPU
		{CD442D31-8FC3-437B-8ACD-B3838CBF6F3A}.Release|Any CPU.ActiveCfg = Release|Any CPU
		{CD442D31-8FC3-437B-8ACD-B3838CBF6F3A}.Release|Any CPU.Build.0 = Release|Any CPU
		{0FF09BF1-1428-4275-8AE3-1C62A5CE87E4}.Debug|Any CPU.ActiveCfg = Debug|Any CPU
		{0FF09BF1-1428-4275-8AE3-1C62A5CE87E4}.Debug|Any CPU.Build.0 = Debug|Any CPU
		{0FF09BF1-1428-4275-8AE3-1C62A5CE87E4}.Release|Any CPU.ActiveCfg = Release|Any CPU
		{0FF09BF1-1428-4275-8AE3-1C62A5CE87E4}.Release|Any CPU.Build.0 = Release|Any CPU
		{3D75F75B-A75B-4D31-9C1D-7C0B17E85526}.Debug|Any CPU.ActiveCfg = Debug|Any CPU
		{3D75F75B-A75B-4D31-9C1D-7C0B17E85526}.Debug|Any CPU.Build.0 = Debug|Any CPU
		{3D75F75B-A75B-4D31-9C1D-7C0B17E85526}.Release|Any CPU.ActiveCfg = Release|Any CPU
		{3D75F75B-A75B-4D31-9C1D-7C0B17E85526}.Release|Any CPU.Build.0 = Release|Any CPU
		{40A5DEF8-21F7-4D39-8425-326E704797AA}.Debug|Any CPU.ActiveCfg = Debug|Any CPU
		{40A5DEF8-21F7-4D39-8425-326E704797AA}.Debug|Any CPU.Build.0 = Debug|Any CPU
		{40A5DEF8-21F7-4D39-8425-326E704797AA}.Release|Any CPU.ActiveCfg = Release|Any CPU
		{40A5DEF8-21F7-4D39-8425-326E704797AA}.Release|Any CPU.Build.0 = Release|Any CPU
	EndGlobalSection
	GlobalSection(SolutionProperties) = preSolution
		HideSolutionNode = FALSE
	EndGlobalSection
	GlobalSection(NestedProjects) = preSolution
		{A6A33827-2F40-4902-AAB3-0CCF36002710} = {C13035AC-EAF6-455E-86A4-8EFD5B890EC9}
		{E1D65BC7-7F09-4CD3-8BFF-09C6B899728A} = {86D6B6D4-6E17-4828-8390-1B9E49F5E220}
		{431B76B5-7901-4773-8972-F2268292C166} = {7C0AF8BD-3780-44B5-806B-F5F389C1FBF4}
		{86D6B6D4-6E17-4828-8390-1B9E49F5E220} = {7C0AF8BD-3780-44B5-806B-F5F389C1FBF4}
		{CD442D31-8FC3-437B-8ACD-B3838CBF6F3A} = {431B76B5-7901-4773-8972-F2268292C166}
		{0FF09BF1-1428-4275-8AE3-1C62A5CE87E4} = {0DC5CFAD-A2B2-4BA6-9994-D97A178357CD}
		{40A5DEF8-21F7-4D39-8425-326E704797AA} = {0DC5CFAD-A2B2-4BA6-9994-D97A178357CD}
	EndGlobalSection
	GlobalSection(ExtensibilityGlobals) = postSolution
		SolutionGuid = {FF46C0CB-6B91-4144-8D32-94625826EB95}
	EndGlobalSection
EndGlobal
